
Microsoft Visual Studio Solution File, Format Version 12.00
# Visual Studio Version 17
VisualStudioVersion = 17.3.32901.215
MinimumVisualStudioVersion = 10.0.40219.1
Project("{8BC9CEB8-8B4A-11D0-8D11-00A0C91BC942}") = "ErrorSimulator", "ErrorSimulator.vcxproj", "{279021DA-D154-482B-9C1A-E2D4A43E6AD9}"
EndProject
Global
	GlobalSection(SolutionConfigurationPlatforms) = preSolution
		Debug|x64 = Debug|x64
		Debug|x86 = Debug|x86
		Release|x64 = Release|x64
		Release|x86 = Release|x86
	EndGlobalSection
	GlobalSection(ProjectConfigurationPlatforms) = postSolution
		{279021DA-D154-482B-9C1A-E2D4A43E6AD9}.Debug|x64.ActiveCfg = Debug|x64
		{279021DA-D154-482B-9C1A-E2D4A43E6AD9}.Debug|x64.Build.0 = Debug|x64
		{279021DA-D154-482B-9C1A-E2D4A43E6AD9}.Debug|x86.ActiveCfg = Debug|Win32
		{279021DA-D154-482B-9C1A-E2D4A43E6AD9}.Debug|x86.Build.0 = Debug|Win32
		{279021DA-D154-482B-9C1A-E2D4A43E6AD9}.Release|x64.ActiveCfg = Release|x64
		{279021DA-D154-482B-9C1A-E2D4A43E6AD9}.Release|x64.Build.0 = Release|x64
		{279021DA-D154-482B-9C1A-E2D4A43E6AD9}.Release|x86.ActiveCfg = Release|Win32
		{279021DA-D154-482B-9C1A-E2D4A43E6AD9}.Release|x86.Build.0 = Release|Win32
	EndGlobalSection
	GlobalSection(SolutionProperties) = preSolution
		HideSolutionNode = FALSE
	EndGlobalSection
	GlobalSection(ExtensibilityGlobals) = postSolution
		SolutionGuid = {5467F4D8-A547-49E2-805F-7A83CC6B2E0F}
	EndGlobalSection
EndGlobal
